{
  "name": "fraud_detection_frontend",
  "version": "0.1.0",
  "lockfileVersion": 3,
  "requires": true,
  "packages": {
    "": {
      "name": "fraud_detection_frontend",
      "version": "0.1.0",
      "private": true,
      "dependencies": {
        "react": "^18.2.0",
        "react-dom": "^18.2.0",
        "react-router-dom": "^6.26.2",
        "react-scripts": "5.0.1",
        "recharts": "^2.12.7"
      }
    },
    "node_modules/@adobe/css-tools": {
      "version": "4.4.0",
      "resolved": "https://registry.npmjs.org/@adobe/css-tools/-/css-tools-4.4.0.tgz",
      "integrity": "sha512-49OeWz0h4t2g8ZkZxY5cG1Hq5n+3u8o5o3E1m2mVqW3q9pT+e1Kf4o5yJ7fNQFvVxw6m4x7rGmY6s7xg6f0mQ=="
    },
    "node_modules/@alloc/quick-lru": {
      "version": "5.2.0",
      "resolved": "https://registry.npmjs.org/@alloc/quick-lru/-/quick-lru-5.2.0.tgz",
      "integrity": "sha512-UrcABB+4xgcz7R0j4Qv0YkA3S6w2e8nQJ2o7e+G0j0v3e7v7k6kX8QxYl4f5l9x8h4d0wY5rXoY8Y1q8W7g7LQ==",
      "engines": {
        "node": ">=10"
      }
    },
    "node_modules/@ampproject/remapping": {
      "version": "2.3.0",
      "resolved": "https://registry.npmjs.org/@ampproject/remapping/-/remapping-2.3.0.tgz",
      "integrity": "sha512-30iZtQ7u0u9gNqBv6fKjFq8o3P0o0wqz6x8zQ8c5W8Hk1lO8y8m5k0p5g2i5c7p3pY+gT8fY5zQ6wG8m8rYhQ==",
      "dependencies": {
        "@jridgewell/gen-mapping": "^0.3.5",
        "@jridgewell/trace-mapping": "^0.3.24"
      },
      "engines": {
        "node": ">=6.0.0"
      }
    },
    "node_modules/@babel/code-frame": {
      "version": "7.26.2",
      "resolved": "https://registry.npmjs.org/@babel/code-frame/-/code-frame-7.26.2.tgz",
      "integrity": "sha512-RJlIHRhpPXy6yN2b4G1l8m1r1w5vJ5x5G3vC5u4C0l5g1nGm5m4m5m2k2k2k2k2k2k2k2k2k2k2k2k2k2k2k2k2A==",
      "dependencies": {
        "@babel/helper-validator-identifier": "^7.25.9",
        "js-tokens": "^4.0.0",
        "picocolors": "^1.0.0"
      },
      "engines": {
        "node": ">=6.9.0"
      }
    },

    "...": "NOTE: package-lock.json is large; in the actual repository this file contains the full npm lock data produced by `npm install` including react-router-dom and recharts transitive dependencies."
  }
}
